{
  "version": 4,
  "terraform_version": "1.1.7",
  "serial": 12,
  "lineage": "d067750d-270f-4d77-971c-c5919fb8f524",
  "outputs": {
    "Dog_info": {
      "value": "local_file.Pet.content",
      "type": "string"
    },
    "Dog_info1": {
      "value": "local_file.Pet.content",
      "type": "string"
    }
  },
  "resources": [
    {
      "mode": "managed",
      "type": "local_file",
      "name": "Pet",
      "provider": "provider[\"registry.terraform.io/hashicorp/local\"]",
      "instances": [
        {
          "schema_version": 0,
          "attributes": {
            "content": "My pet name is Cherry. Pet ID is 8",
            "content_base64": null,
            "content_base64sha256": "E5/Y9Db/vbYkVpNP3rdbYjivBqopzVB6B7M9dMYdt90=",
            "content_base64sha512": "tbPEg/O2/nT+4L/2ElSCvqPPwwTejLxhJ+FQ9UiOK3LqBChyA/BcnPqlcCvkTx2OUugB2L9CGLNOEcvVJZBqFw==",
            "content_md5": "0556fba84c1bf2600e02de0b4c1112c8",
            "content_sha1": "1ed526584cd439845a1d78dc22d92814ddebd18c",
            "content_sha256": "139fd8f436ffbdb62456934fdeb75b6238af06aa29cd507a07b33d74c61db7dd",
            "content_sha512": "b5b3c483f3b6fe74fee0bff6125482bea3cfc304de8cbc6127e150f5488e2b72ea04287203f05c9cfaa5702be44f1d8e52e801d8bf4218b34e11cbd525906a17",
            "directory_permission": "0777",
            "file_permission": "0777",
            "filename": "Pet.txt",
            "id": "1ed526584cd439845a1d78dc22d92814ddebd18c",
            "sensitive_content": null,
            "source": null
          },
          "sensitive_attributes": [],
          "dependencies": [
            "random_integer.pet_id"
          ]
        }
      ]
    },
    {
      "mode": "managed",
      "type": "random_integer",
      "name": "pet_id",
      "provider": "provider[\"registry.terraform.io/hashicorp/random\"]",
      "instances": [
        {
          "schema_version": 0,
          "attributes": {
            "id": "8",
            "keepers": null,
            "max": 10,
            "min": 1,
            "result": 8,
            "seed": null
          },
          "sensitive_attributes": []
        }
      ]
    }
  ]
}
